# @generated - this file is auto-generated by `mise lock` https://mise.en.dev/dev-tools/mise-lock.html

[[tools.actionlint]]
version = "1.7.12"
backend = "aqua:rhysd/actionlint"

[tools.actionlint."platforms.linux-arm64"]
checksum = "sha256:325e971b6ba9bfa504672e29be93c24981eeb1c07576d730e9f7c8805afff0c6"
url = "https://github.com/rhysd/actionlint/releases/download/v1.7.12/actionlint_1.7.12_linux_arm64.tar.gz"
url_api = "https://api.github.com/repos/rhysd/actionlint/releases/assets/384924897"
provenance = "github-attestations"

[tools.actionlint."platforms.linux-arm64-musl"]
checksum = "sha256:325e971b6ba9bfa504672e29be93c24981eeb1c07576d730e9f7c8805afff0c6"
url = "https://github.com/rhysd/actionlint/releases/download/v1.7.12/actionlint_1.7.12_linux_arm64.tar.gz"
url_api = "https://api.github.com/repos/rhysd/actionlint/releases/assets/384924897"
provenance = "github-attestations"

[tools.actionlint."platforms.linux-x64"]
checksum = "sha256:8aca8db96f1b94770f1b0d72b6dddcb1ebb8123cb3712530b08cc387b349a3d8"
url = "https://github.com/rhysd/actionlint/releases/download/v1.7.12/actionlint_1.7.12_linux_amd64.tar.gz"
url_api = "https://api.github.com/repos/rhysd/actionlint/releases/assets/384924896"
provenance = "github-attestations"

[tools.actionlint."platforms.linux-x64-baseline"]
checksum = "sha256:8aca8db96f1b94770f1b0d72b6dddcb1ebb8123cb3712530b08cc387b349a3d8"
url = "https://github.com/rhysd/actionlint/releases/download/v1.7.12/actionlint_1.7.12_linux_amd64.tar.gz"
url_api = "https://api.github.com/repos/rhysd/actionlint/releases/assets/384924896"
provenance = "github-attestations"

[tools.actionlint."platforms.linux-x64-musl"]
checksum = "sha256:8aca8db96f1b94770f1b0d72b6dddcb1ebb8123cb3712530b08cc387b349a3d8"
url = "https://github.com/rhysd/actionlint/releases/download/v1.7.12/actionlint_1.7.12_linux_amd64.tar.gz"
url_api = "https://api.github.com/repos/rhysd/actionlint/releases/assets/384924896"
provenance = "github-attestations"

[tools.actionlint."platforms.linux-x64-musl-baseline"]
checksum = "sha256:8aca8db96f1b94770f1b0d72b6dddcb1ebb8123cb3712530b08cc387b349a3d8"
url = "https://github.com/rhysd/actionlint/releases/download/v1.7.12/actionlint_1.7.12_linux_amd64.tar.gz"
url_api = "https://api.github.com/repos/rhysd/actionlint/releases/assets/384924896"
provenance = "github-attestations"

[tools.actionlint."platforms.macos-arm64"]
checksum = "sha256:aba9ced2dee8d27fecca3dc7feb1a7f9a52caefa1eb46f3271ea66b6e0e6953f"
url = "https://github.com/rhysd/actionlint/releases/download/v1.7.12/actionlint_1.7.12_darwin_arm64.tar.gz"
url_api = "https://api.github.com/repos/rhysd/actionlint/releases/assets/384924893"
provenance = "github-attestations"

[tools.actionlint."platforms.macos-x64"]
checksum = "sha256:5b44c3bc2255115c9b69e30efc0fecdf498fdb63c5d58e17084fd5f16324c644"
url = "https://github.com/rhysd/actionlint/releases/download/v1.7.12/actionlint_1.7.12_darwin_amd64.tar.gz"
url_api = "https://api.github.com/repos/rhysd/actionlint/releases/assets/384924880"
provenance = "github-attestations"

[tools.actionlint."platforms.windows-x64"]
checksum = "sha256:6e7241b51e6817ea6a047693d8e6fed13b31819c9a0dd6c5a726e1592d22f6e9"
url = "https://github.com/rhysd/actionlint/releases/download/v1.7.12/actionlint_1.7.12_windows_amd64.zip"
url_api = "https://api.github.com/repos/rhysd/actionlint/releases/assets/384924919"
provenance = "github-attestations"

[tools.actionlint."platforms.windows-x64-baseline"]
checksum = "sha256:6e7241b51e6817ea6a047693d8e6fed13b31819c9a0dd6c5a726e1592d22f6e9"
url = "https://github.com/rhysd/actionlint/releases/download/v1.7.12/actionlint_1.7.12_windows_amd64.zip"
url_api = "https://api.github.com/repos/rhysd/actionlint/releases/assets/384924919"
provenance = "github-attestations"

[[tools.aube]]
version = "1.26.0"
backend = "aqua:jdx/aube"

[tools.aube."platforms.linux-arm64"]
checksum = "sha256:e1f730c01b5130835d3b4d6c293821de78ade6f857869963bd2df82cb9ce67e8"
url = "https://github.com/jdx/aube/releases/download/v1.26.0/aube-v1.26.0-aarch64-unknown-linux-gnu.tar.gz"
url_api = "https://api.github.com/repos/jdx/aube/releases/assets/468523290"
provenance = "github-attestations"

[tools.aube."platforms.linux-arm64-musl"]
checksum = "sha256:4611bc48714d03a86523a21575cea7d58a9f43ff44b2b372470bb3d0f13ff9b7"
url = "https://github.com/jdx/aube/releases/download/v1.26.0/aube-v1.26.0-aarch64-unknown-linux-musl.tar.gz"
url_api = "https://api.github.com/repos/jdx/aube/releases/assets/468497318"
provenance = "github-attestations"

[tools.aube."platforms.linux-x64"]
checksum = "sha256:17ea729b11825366600a2072d81160bd09c027b3a37c13e2e97aa7295625aa07"
url = "https://github.com/jdx/aube/releases/download/v1.26.0/aube-v1.26.0-x86_64-unknown-linux-gnu.tar.gz"
url_api = "https://api.github.com/repos/jdx/aube/releases/assets/468503747"
provenance = "github-attestations"

[tools.aube."platforms.linux-x64-baseline"]
checksum = "sha256:17ea729b11825366600a2072d81160bd09c027b3a37c13e2e97aa7295625aa07"
url = "https://github.com/jdx/aube/releases/download/v1.26.0/aube-v1.26.0-x86_64-unknown-linux-gnu.tar.gz"
url_api = "https://api.github.com/repos/jdx/aube/releases/assets/468503747"
provenance = "github-attestations"

[tools.aube."platforms.linux-x64-musl"]
checksum = "sha256:3a6c90676f0003079eaade3a4027c3349612e7587f7ecf699c864395ff26807c"
url = "https://github.com/jdx/aube/releases/download/v1.26.0/aube-v1.26.0-x86_64-unknown-linux-musl.tar.gz"
url_api = "https://api.github.com/repos/jdx/aube/releases/assets/468505615"
provenance = "github-attestations"

[tools.aube."platforms.linux-x64-musl-baseline"]
checksum = "sha256:3a6c90676f0003079eaade3a4027c3349612e7587f7ecf699c864395ff26807c"
url = "https://github.com/jdx/aube/releases/download/v1.26.0/aube-v1.26.0-x86_64-unknown-linux-musl.tar.gz"
url_api = "https://api.github.com/repos/jdx/aube/releases/assets/468505615"
provenance = "github-attestations"

[tools.aube."platforms.macos-arm64"]
checksum = "sha256:f1e9cca3b4837cb497b0588641781ecd426b5a4c26cd610743a8fad756e02d8f"
url = "https://github.com/jdx/aube/releases/download/v1.26.0/aube-v1.26.0-aarch64-apple-darwin.tar.gz"
url_api = "https://api.github.com/repos/jdx/aube/releases/assets/468538559"
provenance = "github-attestations"

[tools.aube."platforms.windows-x64"]
checksum = "sha256:1b594095c26c31e90b5e89ef78cf56ac9b903db83f1ca214db6732d9df09409a"
url = "https://github.com/jdx/aube/releases/download/v1.26.0/aube-v1.26.0-x86_64-pc-windows-msvc.zip"
url_api = "https://api.github.com/repos/jdx/aube/releases/assets/468508857"
provenance = "github-attestations"

[tools.aube."platforms.windows-x64-baseline"]
checksum = "sha256:1b594095c26c31e90b5e89ef78cf56ac9b903db83f1ca214db6732d9df09409a"
url = "https://github.com/jdx/aube/releases/download/v1.26.0/aube-v1.26.0-x86_64-pc-windows-msvc.zip"
url_api = "https://api.github.com/repos/jdx/aube/releases/assets/468508857"
provenance = "github-attestations"

[[tools.betterleaks]]
version = "1.6.1"
backend = "aqua:betterleaks/betterleaks"

[tools.betterleaks."platforms.linux-arm64"]
checksum = "sha256:bab9688ba968264ace67b608fc7a7d8f5e61218cde70029d32cbc894e3808fdf"
url = "https://github.com/betterleaks/betterleaks/releases/download/v1.6.1/betterleaks_1.6.1_linux_arm64.tar.gz"
url_api = "https://api.github.com/repos/betterleaks/betterleaks/releases/assets/462264875"
provenance = "cosign"

[tools.betterleaks."platforms.linux-arm64-musl"]
checksum = "sha256:bab9688ba968264ace67b608fc7a7d8f5e61218cde70029d32cbc894e3808fdf"
url = "https://github.com/betterleaks/betterleaks/releases/download/v1.6.1/betterleaks_1.6.1_linux_arm64.tar.gz"
url_api = "https://api.github.com/repos/betterleaks/betterleaks/releases/assets/462264875"
provenance = "cosign"

[tools.betterleaks."platforms.linux-x64"]
checksum = "sha256:fbefc700a0bd4522cc952dd2a8f259cdb80526d7e60114aca19bb2d6fdc80f81"
url = "https://github.com/betterleaks/betterleaks/releases/download/v1.6.1/betterleaks_1.6.1_linux_x64.tar.gz"
url_api = "https://api.github.com/repos/betterleaks/betterleaks/releases/assets/462264876"
provenance = "cosign"

[tools.betterleaks."platforms.linux-x64-baseline"]
checksum = "sha256:fbefc700a0bd4522cc952dd2a8f259cdb80526d7e60114aca19bb2d6fdc80f81"
url = "https://github.com/betterleaks/betterleaks/releases/download/v1.6.1/betterleaks_1.6.1_linux_x64.tar.gz"
url_api = "https://api.github.com/repos/betterleaks/betterleaks/releases/assets/462264876"
provenance = "cosign"

[tools.betterleaks."platforms.linux-x64-musl"]
checksum = "sha256:fbefc700a0bd4522cc952dd2a8f259cdb80526d7e60114aca19bb2d6fdc80f81"
url = "https://github.com/betterleaks/betterleaks/releases/download/v1.6.1/betterleaks_1.6.1_linux_x64.tar.gz"
url_api = "https://api.github.com/repos/betterleaks/betterleaks/releases/assets/462264876"
provenance = "cosign"

[tools.betterleaks."platforms.linux-x64-musl-baseline"]
checksum = "sha256:fbefc700a0bd4522cc952dd2a8f259cdb80526d7e60114aca19bb2d6fdc80f81"
url = "https://github.com/betterleaks/betterleaks/releases/download/v1.6.1/betterleaks_1.6.1_linux_x64.tar.gz"
url_api = "https://api.github.com/repos/betterleaks/betterleaks/releases/assets/462264876"
provenance = "cosign"

[tools.betterleaks."platforms.macos-arm64"]
checksum = "sha256:9996bfcc93fd2ae6976c7902e3b2177766ec1960c1e30a15398609d5177ef3f8"
url = "https://github.com/betterleaks/betterleaks/releases/download/v1.6.1/betterleaks_1.6.1_darwin_arm64.tar.gz"
url_api = "https://api.github.com/repos/betterleaks/betterleaks/releases/assets/462264879"
provenance = "cosign"

[tools.betterleaks."platforms.macos-x64"]
checksum = "sha256:07ddb85c4b2c55da6b671a6af667c89d89c68c52aff8fd73a1118a92d373db8c"
url = "https://github.com/betterleaks/betterleaks/releases/download/v1.6.1/betterleaks_1.6.1_darwin_x64.tar.gz"
url_api = "https://api.github.com/repos/betterleaks/betterleaks/releases/assets/462264877"
provenance = "cosign"

[tools.betterleaks."platforms.windows-x64"]
checksum = "sha256:3ada08a8b19afab75b111e10f38682a64c0582824c9903ce868b09b0c3c2cf37"
url = "https://github.com/betterleaks/betterleaks/releases/download/v1.6.1/betterleaks_1.6.1_windows_x64.zip"
url_api = "https://api.github.com/repos/betterleaks/betterleaks/releases/assets/462264905"
provenance = "cosign"

[tools.betterleaks."platforms.windows-x64-baseline"]
checksum = "sha256:3ada08a8b19afab75b111e10f38682a64c0582824c9903ce868b09b0c3c2cf37"
url = "https://github.com/betterleaks/betterleaks/releases/download/v1.6.1/betterleaks_1.6.1_windows_x64.zip"
url_api = "https://api.github.com/repos/betterleaks/betterleaks/releases/assets/462264905"
provenance = "cosign"

[[tools."github:suzuki-shunsuke/nllint"]]
version = "1.1.0"
backend = "github:suzuki-shunsuke/nllint"

[tools."github:suzuki-shunsuke/nllint"."platforms.linux-arm64"]
checksum = "sha256:f7ef1b230e32943aa128c2152a477c1229592e973c3399db4eab4e123660464b"
url = "https://github.com/suzuki-shunsuke/nllint/releases/download/v1.1.0/nllint_linux_arm64.tar.gz"
url_api = "https://api.github.com/repos/suzuki-shunsuke/nllint/releases/assets/383231632"
provenance = "github-attestations"

[tools."github:suzuki-shunsuke/nllint"."platforms.linux-arm64-musl"]
checksum = "sha256:f7ef1b230e32943aa128c2152a477c1229592e973c3399db4eab4e123660464b"
url = "https://github.com/suzuki-shunsuke/nllint/releases/download/v1.1.0/nllint_linux_arm64.tar.gz"
url_api = "https://api.github.com/repos/suzuki-shunsuke/nllint/releases/assets/383231632"
provenance = "github-attestations"

[tools."github:suzuki-shunsuke/nllint"."platforms.linux-x64"]
checksum = "sha256:4adb11d727be9ea1220a6a63b2413edbafec1e86c58bffe772043afc500f1fb9"
url = "https://github.com/suzuki-shunsuke/nllint/releases/download/v1.1.0/nllint_linux_amd64.tar.gz"
url_api = "https://api.github.com/repos/suzuki-shunsuke/nllint/releases/assets/383231629"
provenance = "github-attestations"

[tools."github:suzuki-shunsuke/nllint"."platforms.linux-x64-baseline"]
checksum = "sha256:4adb11d727be9ea1220a6a63b2413edbafec1e86c58bffe772043afc500f1fb9"
url = "https://github.com/suzuki-shunsuke/nllint/releases/download/v1.1.0/nllint_linux_amd64.tar.gz"
url_api = "https://api.github.com/repos/suzuki-shunsuke/nllint/releases/assets/383231629"
provenance = "github-attestations"

[tools."github:suzuki-shunsuke/nllint"."platforms.linux-x64-musl"]
checksum = "sha256:4adb11d727be9ea1220a6a63b2413edbafec1e86c58bffe772043afc500f1fb9"
url = "https://github.com/suzuki-shunsuke/nllint/releases/download/v1.1.0/nllint_linux_amd64.tar.gz"
url_api = "https://api.github.com/repos/suzuki-shunsuke/nllint/releases/assets/383231629"
provenance = "github-attestations"

[tools."github:suzuki-shunsuke/nllint"."platforms.linux-x64-musl-baseline"]
checksum = "sha256:4adb11d727be9ea1220a6a63b2413edbafec1e86c58bffe772043afc500f1fb9"
url = "https://github.com/suzuki-shunsuke/nllint/releases/download/v1.1.0/nllint_linux_amd64.tar.gz"
url_api = "https://api.github.com/repos/suzuki-shunsuke/nllint/releases/assets/383231629"
provenance = "github-attestations"

[tools."github:suzuki-shunsuke/nllint"."platforms.macos-arm64"]
checksum = "sha256:b17088adaa6d29cd59cfe3142cfbb082874f52039d39beb3de0f4209895e44f7"
url = "https://github.com/suzuki-shunsuke/nllint/releases/download/v1.1.0/nllint_darwin_arm64.tar.gz"
url_api = "https://api.github.com/repos/suzuki-shunsuke/nllint/releases/assets/383231628"
provenance = "github-attestations"

[tools."github:suzuki-shunsuke/nllint"."platforms.macos-x64"]
checksum = "sha256:25d719c1b23d37f748b6453a2dbffc3e9c998731af1e8114956a4aeba413760c"
url = "https://github.com/suzuki-shunsuke/nllint/releases/download/v1.1.0/nllint_darwin_amd64.tar.gz"
url_api = "https://api.github.com/repos/suzuki-shunsuke/nllint/releases/assets/383231625"
provenance = "github-attestations"

[tools."github:suzuki-shunsuke/nllint"."platforms.windows-x64"]
checksum = "sha256:79f84ab841b7f990480d9e2920f1f78a256dce9f15e6f5f66612e747a6283c8d"
url = "https://github.com/suzuki-shunsuke/nllint/releases/download/v1.1.0/nllint_windows_amd64.zip"
url_api = "https://api.github.com/repos/suzuki-shunsuke/nllint/releases/assets/383231648"
provenance = "github-attestations"

[tools."github:suzuki-shunsuke/nllint"."platforms.windows-x64-baseline"]
checksum = "sha256:79f84ab841b7f990480d9e2920f1f78a256dce9f15e6f5f66612e747a6283c8d"
url = "https://github.com/suzuki-shunsuke/nllint/releases/download/v1.1.0/nllint_windows_amd64.zip"
url_api = "https://api.github.com/repos/suzuki-shunsuke/nllint/releases/assets/383231648"
provenance = "github-attestations"

[[tools.hk]]
version = "1.50.0"
backend = "aqua:jdx/hk"

[tools.hk."platforms.linux-arm64"]
checksum = "sha256:759f782c24db20954b471de64b0aaf1b10157ed0aa1b64eca9b8f6dc4f7cfc0b"
url = "https://github.com/jdx/hk/releases/download/v1.50.0/hk-aarch64-unknown-linux-gnu.tar.gz"
url_api = "https://api.github.com/repos/jdx/hk/releases/assets/468492723"

[tools.hk."platforms.linux-arm64-musl"]
checksum = "sha256:072ce468ec07d31797e2d08e96f5fd036ff220a5d8a97584eea3b7d780072c95"
url = "https://github.com/jdx/hk/releases/download/v1.50.0/hk-aarch64-unknown-linux-musl.tar.gz"
url_api = "https://api.github.com/repos/jdx/hk/releases/assets/468492724"

[tools.hk."platforms.linux-x64"]
checksum = "sha256:a86a19b51277401410fcfad76f650b5172882d91a6e624a63b9e20f81a6476bc"
url = "https://github.com/jdx/hk/releases/download/v1.50.0/hk-x86_64-unknown-linux-gnu.tar.gz"
url_api = "https://api.github.com/repos/jdx/hk/releases/assets/468492733"

[tools.hk."platforms.linux-x64-baseline"]
checksum = "sha256:a86a19b51277401410fcfad76f650b5172882d91a6e624a63b9e20f81a6476bc"
url = "https://github.com/jdx/hk/releases/download/v1.50.0/hk-x86_64-unknown-linux-gnu.tar.gz"
url_api = "https://api.github.com/repos/jdx/hk/releases/assets/468492733"

[tools.hk."platforms.linux-x64-musl"]
checksum = "sha256:cd49292560a497058a615a1c5537af131df73d893773cdd612585274db138c58"
url = "https://github.com/jdx/hk/releases/download/v1.50.0/hk-x86_64-unknown-linux-musl.tar.gz"
url_api = "https://api.github.com/repos/jdx/hk/releases/assets/468492735"

[tools.hk."platforms.linux-x64-musl-baseline"]
checksum = "sha256:cd49292560a497058a615a1c5537af131df73d893773cdd612585274db138c58"
url = "https://github.com/jdx/hk/releases/download/v1.50.0/hk-x86_64-unknown-linux-musl.tar.gz"
url_api = "https://api.github.com/repos/jdx/hk/releases/assets/468492735"

[tools.hk."platforms.macos-arm64"]
checksum = "sha256:0e11012d1106350774de880bfc54e5b2fef77b1a1b7bf51e09f4b1423e9cb39b"
url = "https://github.com/jdx/hk/releases/download/v1.50.0/hk-aarch64-apple-darwin.tar.gz"
url_api = "https://api.github.com/repos/jdx/hk/releases/assets/468492721"

[tools.hk."platforms.windows-x64"]
checksum = "sha256:19055e34af501a3cb7568b55f31ea4f0e38760d518b79e17d71fdd39ba0882eb"
url = "https://github.com/jdx/hk/releases/download/v1.50.0/hk-x86_64-pc-windows-msvc.zip"
url_api = "https://api.github.com/repos/jdx/hk/releases/assets/468492725"

[tools.hk."platforms.windows-x64-baseline"]
checksum = "sha256:19055e34af501a3cb7568b55f31ea4f0e38760d518b79e17d71fdd39ba0882eb"
url = "https://github.com/jdx/hk/releases/download/v1.50.0/hk-x86_64-pc-windows-msvc.zip"
url_api = "https://api.github.com/repos/jdx/hk/releases/assets/468492725"

[[tools.node]]
version = "26.4.0"
backend = "core:node"

[tools.node."platforms.linux-arm64"]
checksum = "sha256:773d9ec67266838270ddc105c2548ae8aaff28bc8fe6f34c55d1094043c4165e"
url = "https://nodejs.org/dist/v26.4.0/node-v26.4.0-linux-arm64.tar.gz"

[tools.node."platforms.linux-arm64-musl"]
checksum = "sha256:d2ad8c6e9fa955edf0337078c1d1acda345d36a84986b218cce3cfd1d2d26920"
url = "https://unofficial-builds.nodejs.org/download/release/v26.4.0/node-v26.4.0-linux-arm64-musl.tar.gz"

[tools.node."platforms.linux-x64"]
checksum = "sha256:f221dab30d0e9d544332f06fbee2c62186c97d864d5cac8482dba34f1e38b8dc"
url = "https://nodejs.org/dist/v26.4.0/node-v26.4.0-linux-x64.tar.gz"

[tools.node."platforms.linux-x64-baseline"]
checksum = "sha256:f221dab30d0e9d544332f06fbee2c62186c97d864d5cac8482dba34f1e38b8dc"
url = "https://nodejs.org/dist/v26.4.0/node-v26.4.0-linux-x64.tar.gz"

[tools.node."platforms.linux-x64-musl"]
checksum = "sha256:554e960f6570bd3d1987f5170d8f2a373a21818581a8d307b697e7839988314a"
url = "https://unofficial-builds.nodejs.org/download/release/v26.4.0/node-v26.4.0-linux-x64-musl.tar.gz"

[tools.node."platforms.linux-x64-musl-baseline"]
checksum = "sha256:554e960f6570bd3d1987f5170d8f2a373a21818581a8d307b697e7839988314a"
url = "https://unofficial-builds.nodejs.org/download/release/v26.4.0/node-v26.4.0-linux-x64-musl.tar.gz"

[tools.node."platforms.macos-arm64"]
checksum = "sha256:4f4fbcacf6b1ff1a95deedba7bd7b2d79efecaa53a8ecb0530546dc9063fefbc"
url = "https://nodejs.org/dist/v26.4.0/node-v26.4.0-darwin-arm64.tar.gz"

[tools.node."platforms.macos-x64"]
checksum = "sha256:eb3bdd8dec3ff2558ee10e284da7d2a3865af0cbda21f06d397b0265837c641e"
url = "https://nodejs.org/dist/v26.4.0/node-v26.4.0-darwin-x64.tar.gz"

[tools.node."platforms.windows-x64"]
checksum = "sha256:5f87d038c6ec442aa46b9126f8ca170acbd2f3b9b9152ca798cf54596a31e214"
url = "https://nodejs.org/dist/v26.4.0/node-v26.4.0-win-x64.zip"

[tools.node."platforms.windows-x64-baseline"]
checksum = "sha256:5f87d038c6ec442aa46b9126f8ca170acbd2f3b9b9152ca798cf54596a31e214"
url = "https://nodejs.org/dist/v26.4.0/node-v26.4.0-win-x64.zip"

[[tools.pinact]]
version = "4.1.0"
backend = "aqua:suzuki-shunsuke/pinact"

[tools.pinact."platforms.linux-arm64"]
checksum = "sha256:2807669cd423a3572bc12ea4a5eab80cd2f30d5644710e0c97a08a075fdadf10"
url = "https://github.com/suzuki-shunsuke/pinact/releases/download/v4.1.0/pinact_linux_arm64.tar.gz"
url_api = "https://api.github.com/repos/suzuki-shunsuke/pinact/releases/assets/442249970"
provenance = "github-attestations"

[tools.pinact."platforms.linux-arm64-musl"]
checksum = "sha256:2807669cd423a3572bc12ea4a5eab80cd2f30d5644710e0c97a08a075fdadf10"
url = "https://github.com/suzuki-shunsuke/pinact/releases/download/v4.1.0/pinact_linux_arm64.tar.gz"
url_api = "https://api.github.com/repos/suzuki-shunsuke/pinact/releases/assets/442249970"
provenance = "github-attestations"

[tools.pinact."platforms.linux-x64"]
checksum = "sha256:8fcbf1b3e95551c82fd995535e3c1defa70e23299ce36eb3afd6c98778de6ca0"
url = "https://github.com/suzuki-shunsuke/pinact/releases/download/v4.1.0/pinact_linux_amd64.tar.gz"
url_api = "https://api.github.com/repos/suzuki-shunsuke/pinact/releases/assets/442249966"
provenance = "github-attestations"

[tools.pinact."platforms.linux-x64-baseline"]
checksum = "sha256:8fcbf1b3e95551c82fd995535e3c1defa70e23299ce36eb3afd6c98778de6ca0"
url = "https://github.com/suzuki-shunsuke/pinact/releases/download/v4.1.0/pinact_linux_amd64.tar.gz"
url_api = "https://api.github.com/repos/suzuki-shunsuke/pinact/releases/assets/442249966"
provenance = "github-attestations"

[tools.pinact."platforms.linux-x64-musl"]
checksum = "sha256:8fcbf1b3e95551c82fd995535e3c1defa70e23299ce36eb3afd6c98778de6ca0"
url = "https://github.com/suzuki-shunsuke/pinact/releases/download/v4.1.0/pinact_linux_amd64.tar.gz"
url_api = "https://api.github.com/repos/suzuki-shunsuke/pinact/releases/assets/442249966"
provenance = "github-attestations"

[tools.pinact."platforms.linux-x64-musl-baseline"]
checksum = "sha256:8fcbf1b3e95551c82fd995535e3c1defa70e23299ce36eb3afd6c98778de6ca0"
url = "https://github.com/suzuki-shunsuke/pinact/releases/download/v4.1.0/pinact_linux_amd64.tar.gz"
url_api = "https://api.github.com/repos/suzuki-shunsuke/pinact/releases/assets/442249966"
provenance = "github-attestations"

[tools.pinact."platforms.macos-arm64"]
checksum = "sha256:b670063ccfa178cdb5c7107d14e3de896f10b93edcc7dbe38b840cb99f2536db"
url = "https://github.com/suzuki-shunsuke/pinact/releases/download/v4.1.0/pinact_darwin_arm64.tar.gz"
url_api = "https://api.github.com/repos/suzuki-shunsuke/pinact/releases/assets/442249963"
provenance = "github-attestations"

[tools.pinact."platforms.macos-x64"]
checksum = "sha256:6338d0220a28093c2c6916a047eea8a17f4ba03a8562010dc8e942b2a2884364"
url = "https://github.com/suzuki-shunsuke/pinact/releases/download/v4.1.0/pinact_darwin_amd64.tar.gz"
url_api = "https://api.github.com/repos/suzuki-shunsuke/pinact/releases/assets/442249961"
provenance = "github-attestations"

[tools.pinact."platforms.windows-x64"]
checksum = "sha256:de04e9612a50cb7b0263d162400305ea02fc85410c38887d1be7446a7c5d5dc6"
url = "https://github.com/suzuki-shunsuke/pinact/releases/download/v4.1.0/pinact_windows_amd64.zip"
url_api = "https://api.github.com/repos/suzuki-shunsuke/pinact/releases/assets/442249974"
provenance = "github-attestations"

[tools.pinact."platforms.windows-x64-baseline"]
checksum = "sha256:de04e9612a50cb7b0263d162400305ea02fc85410c38887d1be7446a7c5d5dc6"
url = "https://github.com/suzuki-shunsuke/pinact/releases/download/v4.1.0/pinact_windows_amd64.zip"
url_api = "https://api.github.com/repos/suzuki-shunsuke/pinact/releases/assets/442249974"
provenance = "github-attestations"

[[tools.rust]]
version = "1.97.1"
backend = "core:rust"

[tools.rust.options]
components = "clippy,rustfmt"
profile = "minimal"

[[tools.typos]]
version = "1.48.0"
backend = "aqua:crate-ci/typos"

[tools.typos."platforms.linux-arm64"]
checksum = "sha256:2960ae07bc1ffe19e4895e4359394dd349c9c31de78aac3a124b6e4aeb206698"
url = "https://github.com/crate-ci/typos/releases/download/v1.48.0/typos-v1.48.0-aarch64-unknown-linux-musl.tar.gz"
url_api = "https://api.github.com/repos/crate-ci/typos/releases/assets/462429655"

[tools.typos."platforms.linux-arm64-musl"]
checksum = "sha256:2960ae07bc1ffe19e4895e4359394dd349c9c31de78aac3a124b6e4aeb206698"
url = "https://github.com/crate-ci/typos/releases/download/v1.48.0/typos-v1.48.0-aarch64-unknown-linux-musl.tar.gz"
url_api = "https://api.github.com/repos/crate-ci/typos/releases/assets/462429655"

[tools.typos."platforms.linux-x64"]
checksum = "sha256:72a930c9a94fc3914aa56835c5b859c892a797d40c1c42638b98d93f16ff519c"
url = "https://github.com/crate-ci/typos/releases/download/v1.48.0/typos-v1.48.0-x86_64-unknown-linux-musl.tar.gz"
url_api = "https://api.github.com/repos/crate-ci/typos/releases/assets/462429902"

[tools.typos."platforms.linux-x64-baseline"]
checksum = "sha256:72a930c9a94fc3914aa56835c5b859c892a797d40c1c42638b98d93f16ff519c"
url = "https://github.com/crate-ci/typos/releases/download/v1.48.0/typos-v1.48.0-x86_64-unknown-linux-musl.tar.gz"
url_api = "https://api.github.com/repos/crate-ci/typos/releases/assets/462429902"

[tools.typos."platforms.linux-x64-musl"]
checksum = "sha256:72a930c9a94fc3914aa56835c5b859c892a797d40c1c42638b98d93f16ff519c"
url = "https://github.com/crate-ci/typos/releases/download/v1.48.0/typos-v1.48.0-x86_64-unknown-linux-musl.tar.gz"
url_api = "https://api.github.com/repos/crate-ci/typos/releases/assets/462429902"

[tools.typos."platforms.linux-x64-musl-baseline"]
checksum = "sha256:72a930c9a94fc3914aa56835c5b859c892a797d40c1c42638b98d93f16ff519c"
url = "https://github.com/crate-ci/typos/releases/download/v1.48.0/typos-v1.48.0-x86_64-unknown-linux-musl.tar.gz"
url_api = "https://api.github.com/repos/crate-ci/typos/releases/assets/462429902"

[tools.typos."platforms.macos-arm64"]
checksum = "sha256:7dcaf386ec255995dcbaf629641f961574b7e8785203921115eab75cbf1ca107"
url = "https://github.com/crate-ci/typos/releases/download/v1.48.0/typos-v1.48.0-aarch64-apple-darwin.tar.gz"
url_api = "https://api.github.com/repos/crate-ci/typos/releases/assets/462430254"

[tools.typos."platforms.macos-x64"]
checksum = "sha256:f4335c255db3d57374484e0e96505c8910c0e2fa6d8813b15de529c98f93b1a9"
url = "https://github.com/crate-ci/typos/releases/download/v1.48.0/typos-v1.48.0-x86_64-apple-darwin.tar.gz"
url_api = "https://api.github.com/repos/crate-ci/typos/releases/assets/462431306"

[tools.typos."platforms.windows-x64"]
checksum = "sha256:ce018a2352da7c1b23bd2684019ee279d2080dc063087020e80c1247d11b0743"
url = "https://github.com/crate-ci/typos/releases/download/v1.48.0/typos-v1.48.0-x86_64-pc-windows-msvc.zip"
url_api = "https://api.github.com/repos/crate-ci/typos/releases/assets/462430871"

[tools.typos."platforms.windows-x64-baseline"]
checksum = "sha256:ce018a2352da7c1b23bd2684019ee279d2080dc063087020e80c1247d11b0743"
url = "https://github.com/crate-ci/typos/releases/download/v1.48.0/typos-v1.48.0-x86_64-pc-windows-msvc.zip"
url_api = "https://api.github.com/repos/crate-ci/typos/releases/assets/462430871"
